
Microsoft Visual Studio Solution File, Format Version 12.00
# Visual Studio Version 16
VisualStudioVersion = 16.0.32407.337
MinimumVisualStudioVersion = 10.0.40219.1
Project("{9A19103F-16F7-4668-BE54-9A1E7A4F7556}") = "FindingJobDLL", "FindingJobDLL.csproj", "{9C839B32-2D86-4C5E-96B1-AC008DAF753B}"
EndProject
Project("{9A19103F-16F7-4668-BE54-9A1E7A4F7556}") = "FindingJob", "..\FindingJob\FindingJob\FindingJob.csproj", "{1E2FE5DB-0C8C-481C-A373-758BCA3543C7}"
EndProject
Project("{FAE04EC0-301F-11D3-BF4B-00C04F79EFBC}") = "FindingJobManagement", "..\FindingJobManagement\FindingJobManagement.csproj", "{31E25454-2E93-4B55-9D34-3A35A4C5C881}"
EndProject
Global
	GlobalSection(SolutionConfigurationPlatforms) = preSolution
		Debug|Any CPU = Debug|Any CPU
		Release|Any CPU = Release|Any CPU
	EndGlobalSection
	GlobalSection(ProjectConfigurationPlatforms) = postSolution
		{9C839B32-2D86-4C5E-96B1-AC008DAF753B}.Debug|Any CPU.ActiveCfg = Debug|Any CPU
		{9C839B32-2D86-4C5E-96B1-AC008DAF753B}.Debug|Any CPU.Build.0 = Debug|Any CPU
		{9C839B32-2D86-4C5E-96B1-AC008DAF753B}.Release|Any CPU.ActiveCfg = Release|Any CPU
		{9C839B32-2D86-4C5E-96B1-AC008DAF753B}.Release|Any CPU.Build.0 = Release|Any CPU
		{1E2FE5DB-0C8C-481C-A373-758BCA3543C7}.Debug|Any CPU.ActiveCfg = Debug|Any CPU
		{1E2FE5DB-0C8C-481C-A373-758BCA3543C7}.Debug|Any CPU.Build.0 = Debug|Any CPU
		{1E2FE5DB-0C8C-481C-A373-758BCA3543C7}.Release|Any CPU.ActiveCfg = Release|Any CPU
		{1E2FE5DB-0C8C-481C-A373-758BCA3543C7}.Release|Any CPU.Build.0 = Release|Any CPU
		{31E25454-2E93-4B55-9D34-3A35A4C5C881}.Debug|Any CPU.ActiveCfg = Debug|Any CPU
		{31E25454-2E93-4B55-9D34-3A35A4C5C881}.Debug|Any CPU.Build.0 = Debug|Any CPU
		{31E25454-2E93-4B55-9D34-3A35A4C5C881}.Release|Any CPU.ActiveCfg = Release|Any CPU
		{31E25454-2E93-4B55-9D34-3A35A4C5C881}.Release|Any CPU.Build.0 = Release|Any CPU
	EndGlobalSection
	GlobalSection(SolutionProperties) = preSolution
		HideSolutionNode = FALSE
	EndGlobalSection
	GlobalSection(ExtensibilityGlobals) = postSolution
		SolutionGuid = {43B4826C-1A98-49F8-BFFE-F223C9B478E1}
	EndGlobalSection
EndGlobal
